{
  "name": "barbearia_samuel_abreu",
  "lockfileVersion": 3,
  "requires": true,
  "packages": {
    "": {
      "devDependencies": {
        "@vercel/speed-insights": "^1.0.2"
      }
    },
    "node_modules/@vercel/speed-insights": {
      "version": "1.0.2",
      "resolved": "https://registry.npmjs.org/@vercel/speed-insights/-/speed-insights-1.0.2.tgz",
      "integrity": "sha512-y5HWeB6RmlyVYxJAMrjiDEz8qAIy2cit0fhBq+MD78WaUwQvuBnQlX4+5MuwVTWi46bV3klaRMq83u9zUy1KOg==",
      "dev": true,
      "hasInstallScript": true
    }
  }
}
